
Microsoft Visual Studio Solution File, Format Version 11.00
# Visual Studio 2010
Project("{FAE04EC0-301F-11D3-BF4B-00C04F79EFBC}") = "CustomTheme", "CustomTheme.csproj", "{2B9BB456-3185-4718-BD02-ABD627BB707F}"
EndProject
Global
	GlobalSection(SolutionConfigurationPlatforms) = preSolution
		Debug|Any CPU = Debug|Any CPU
		Release|Any CPU = Release|Any CPU
	EndGlobalSection
	GlobalSection(ProjectConfigurationPlatforms) = postSolution
		{2B9BB456-3185-4718-BD02-ABD627BB707F}.Debug|Any CPU.ActiveCfg = Debug|Any CPU
		{2B9BB456-3185-4718-BD02-ABD627BB707F}.Debug|Any CPU.Build.0 = Debug|Any CPU
		{2B9BB456-3185-4718-BD02-ABD627BB707F}.Release|Any CPU.ActiveCfg = Release|Any CPU
		{2B9BB456-3185-4718-BD02-ABD627BB707F}.Release|Any CPU.Build.0 = Release|Any CPU
	EndGlobalSection
	GlobalSection(SolutionProperties) = preSolution
		HideSolutionNode = FALSE
	EndGlobalSection
EndGlobal
